
Microsoft Visual Studio Solution File, Format Version 12.00
# Visual Studio 2013
VisualStudioVersion = 12.0.40629.0
MinimumVisualStudioVersion = 10.0.40219.1
Project("{FAE04EC0-301F-11D3-BF4B-00C04F79EFBC}") = "WebApiTest", "WebApiTest\WebApiTest.csproj", "{EB99EA87-E6D1-487A-8B7F-609E363FE8DE}"
EndProject
Project("{FAE04EC0-301F-11D3-BF4B-00C04F79EFBC}") = "Bll", "Bll\Bll.csproj", "{277B33E0-3D38-49B2-B29C-FF56774D6FD3}"
EndProject
Project("{FAE04EC0-301F-11D3-BF4B-00C04F79EFBC}") = "Bll.Test", "Bll.Test\Bll.Test.csproj", "{31C136B2-7084-4DEC-8963-E839E2D7ADB0}"
EndProject
Global
	GlobalSection(SolutionConfigurationPlatforms) = preSolution
		Debug|Any CPU = Debug|Any CPU
		Release|Any CPU = Release|Any CPU
	EndGlobalSection
	GlobalSection(ProjectConfigurationPlatforms) = postSolution
		{EB99EA87-E6D1-487A-8B7F-609E363FE8DE}.Debug|Any CPU.ActiveCfg = Debug|Any CPU
		{EB99EA87-E6D1-487A-8B7F-609E363FE8DE}.Debug|Any CPU.Build.0 = Debug|Any CPU
		{EB99EA87-E6D1-487A-8B7F-609E363FE8DE}.Release|Any CPU.ActiveCfg = Release|Any CPU
		{EB99EA87-E6D1-487A-8B7F-609E363FE8DE}.Release|Any CPU.Build.0 = Release|Any CPU
		{277B33E0-3D38-49B2-B29C-FF56774D6FD3}.Debug|Any CPU.ActiveCfg = Debug|Any CPU
		{277B33E0-3D38-49B2-B29C-FF56774D6FD3}.Debug|Any CPU.Build.0 = Debug|Any CPU
		{277B33E0-3D38-49B2-B29C-FF56774D6FD3}.Release|Any CPU.ActiveCfg = Release|Any CPU
		{277B33E0-3D38-49B2-B29C-FF56774D6FD3}.Release|Any CPU.Build.0 = Release|Any CPU
		{31C136B2-7084-4DEC-8963-E839E2D7ADB0}.Debug|Any CPU.ActiveCfg = Debug|Any CPU
		{31C136B2-7084-4DEC-8963-E839E2D7ADB0}.Debug|Any CPU.Build.0 = Debug|Any CPU
		{31C136B2-7084-4DEC-8963-E839E2D7ADB0}.Release|Any CPU.ActiveCfg = Release|Any CPU
		{31C136B2-7084-4DEC-8963-E839E2D7ADB0}.Release|Any CPU.Build.0 = Release|Any CPU
	EndGlobalSection
	GlobalSection(SolutionProperties) = preSolution
		HideSolutionNode = FALSE
	EndGlobalSection
EndGlobal
