
Microsoft Visual Studio Solution File, Format Version 12.00
# Visual Studio 2013
VisualStudioVersion = 12.0.21005.1
MinimumVisualStudioVersion = 10.0.40219.1
Project("{FAE04EC0-301F-11D3-BF4B-00C04F79EFBC}") = "MvcAndApi", "MvcAndApi\MvcAndApi.csproj", "{60DB3CD0-B8C3-4C2B-9AB4-EE3B9D29F089}"
EndProject
Project("{FAE04EC0-301F-11D3-BF4B-00C04F79EFBC}") = "Service", "Service\Service.csproj", "{F4A7C24C-13DF-41F5-86BC-CA03DC538912}"
EndProject
Global
	GlobalSection(SolutionConfigurationPlatforms) = preSolution
		Debug|Any CPU = Debug|Any CPU
		Release|Any CPU = Release|Any CPU
	EndGlobalSection
	GlobalSection(ProjectConfigurationPlatforms) = postSolution
		{60DB3CD0-B8C3-4C2B-9AB4-EE3B9D29F089}.Debug|Any CPU.ActiveCfg = Debug|Any CPU
		{60DB3CD0-B8C3-4C2B-9AB4-EE3B9D29F089}.Debug|Any CPU.Build.0 = Debug|Any CPU
		{60DB3CD0-B8C3-4C2B-9AB4-EE3B9D29F089}.Release|Any CPU.ActiveCfg = Release|Any CPU
		{60DB3CD0-B8C3-4C2B-9AB4-EE3B9D29F089}.Release|Any CPU.Build.0 = Release|Any CPU
		{F4A7C24C-13DF-41F5-86BC-CA03DC538912}.Debug|Any CPU.ActiveCfg = Debug|Any CPU
		{F4A7C24C-13DF-41F5-86BC-CA03DC538912}.Debug|Any CPU.Build.0 = Debug|Any CPU
		{F4A7C24C-13DF-41F5-86BC-CA03DC538912}.Release|Any CPU.ActiveCfg = Release|Any CPU
		{F4A7C24C-13DF-41F5-86BC-CA03DC538912}.Release|Any CPU.Build.0 = Release|Any CPU
	EndGlobalSection
	GlobalSection(SolutionProperties) = preSolution
		HideSolutionNode = FALSE
	EndGlobalSection
EndGlobal
